
Microsoft Visual Studio Solution File, Format Version 12.00
# Visual Studio 14
VisualStudioVersion = 14.0.25420.1
MinimumVisualStudioVersion = 10.0.40219.1
Project("{8BB2217D-0F2D-49D1-97BC-3654ED321F3B}") = "Intro.Core", "Intro.Core\Intro.Core.xproj", "{2B79B1E6-C2E2-4379-B3BB-5DAF3D4B9D45}"
EndProject
Project("{8BB2217D-0F2D-49D1-97BC-3654ED321F3B}") = "Intro.Web", "Intro.Web\Intro.Web.xproj", "{D157F7B6-1306-4187-99C0-7EC440A4F73A}"
EndProject
Project("{8BB2217D-0F2D-49D1-97BC-3654ED321F3B}") = "Intro.Application", "Intro.Application\Intro.Application.xproj", "{DB514EB5-AEEE-4470-9AFD-D6570E1A00DF}"
EndProject
Project("{8BB2217D-0F2D-49D1-97BC-3654ED321F3B}") = "Intro.Application.Tests", "Intro.Application.Tests\Intro.Application.Tests.xproj", "{F8CDD166-C16B-4060-A344-21240786B541}"
EndProject
Project("{8BB2217D-0F2D-49D1-97BC-3654ED321F3B}") = "Intro.DataAccess", "Intro.DataAccess\Intro.DataAccess.xproj", "{78C8EF84-3215-4351-B760-5FDB0AAEFC53}"
EndProject
Project("{8BB2217D-0F2D-49D1-97BC-3654ED321F3B}") = "Intro.Domain", "Intro.Domain\Intro.Domain.xproj", "{9105D0CE-7C2B-4BA2-B5D3-305C3E089657}"
EndProject
Project("{8BB2217D-0F2D-49D1-97BC-3654ED321F3B}") = "Intro.IntegrationTests", "Intro.IntegrationTests\Intro.IntegrationTests.xproj", "{128F58C0-E1ED-4DD0-99BE-1677A98695D6}"
EndProject
Project("{8BB2217D-0F2D-49D1-97BC-3654ED321F3B}") = "Intro.Utility", "Intro.Utility\Intro.Utility.xproj", "{16E48FCC-A600-445D-A5C2-7E67022CAE57}"
EndProject
Global
	GlobalSection(SolutionConfigurationPlatforms) = preSolution
		Debug|Any CPU = Debug|Any CPU
		Release|Any CPU = Release|Any CPU
	EndGlobalSection
	GlobalSection(ProjectConfigurationPlatforms) = postSolution
		{2B79B1E6-C2E2-4379-B3BB-5DAF3D4B9D45}.Debug|Any CPU.ActiveCfg = Debug|Any CPU
		{2B79B1E6-C2E2-4379-B3BB-5DAF3D4B9D45}.Debug|Any CPU.Build.0 = Debug|Any CPU
		{2B79B1E6-C2E2-4379-B3BB-5DAF3D4B9D45}.Release|Any CPU.ActiveCfg = Release|Any CPU
		{2B79B1E6-C2E2-4379-B3BB-5DAF3D4B9D45}.Release|Any CPU.Build.0 = Release|Any CPU
		{D157F7B6-1306-4187-99C0-7EC440A4F73A}.Debug|Any CPU.ActiveCfg = Debug|Any CPU
		{D157F7B6-1306-4187-99C0-7EC440A4F73A}.Debug|Any CPU.Build.0 = Debug|Any CPU
		{D157F7B6-1306-4187-99C0-7EC440A4F73A}.Release|Any CPU.ActiveCfg = Release|Any CPU
		{D157F7B6-1306-4187-99C0-7EC440A4F73A}.Release|Any CPU.Build.0 = Release|Any CPU
		{DB514EB5-AEEE-4470-9AFD-D6570E1A00DF}.Debug|Any CPU.ActiveCfg = Debug|Any CPU
		{DB514EB5-AEEE-4470-9AFD-D6570E1A00DF}.Debug|Any CPU.Build.0 = Debug|Any CPU
		{DB514EB5-AEEE-4470-9AFD-D6570E1A00DF}.Release|Any CPU.ActiveCfg = Release|Any CPU
		{DB514EB5-AEEE-4470-9AFD-D6570E1A00DF}.Release|Any CPU.Build.0 = Release|Any CPU
		{F8CDD166-C16B-4060-A344-21240786B541}.Debug|Any CPU.ActiveCfg = Debug|Any CPU
		{F8CDD166-C16B-4060-A344-21240786B541}.Debug|Any CPU.Build.0 = Debug|Any CPU
		{F8CDD166-C16B-4060-A344-21240786B541}.Release|Any CPU.ActiveCfg = Release|Any CPU
		{F8CDD166-C16B-4060-A344-21240786B541}.Release|Any CPU.Build.0 = Release|Any CPU
		{78C8EF84-3215-4351-B760-5FDB0AAEFC53}.Debug|Any CPU.ActiveCfg = Debug|Any CPU
		{78C8EF84-3215-4351-B760-5FDB0AAEFC53}.Debug|Any CPU.Build.0 = Debug|Any CPU
		{78C8EF84-3215-4351-B760-5FDB0AAEFC53}.Release|Any CPU.ActiveCfg = Release|Any CPU
		{78C8EF84-3215-4351-B760-5FDB0AAEFC53}.Release|Any CPU.Build.0 = Release|Any CPU
		{9105D0CE-7C2B-4BA2-B5D3-305C3E089657}.Debug|Any CPU.ActiveCfg = Debug|Any CPU
		{9105D0CE-7C2B-4BA2-B5D3-305C3E089657}.Debug|Any CPU.Build.0 = Debug|Any CPU
		{9105D0CE-7C2B-4BA2-B5D3-305C3E089657}.Release|Any CPU.ActiveCfg = Release|Any CPU
		{9105D0CE-7C2B-4BA2-B5D3-305C3E089657}.Release|Any CPU.Build.0 = Release|Any CPU
		{128F58C0-E1ED-4DD0-99BE-1677A98695D6}.Debug|Any CPU.ActiveCfg = Debug|Any CPU
		{128F58C0-E1ED-4DD0-99BE-1677A98695D6}.Debug|Any CPU.Build.0 = Debug|Any CPU
		{128F58C0-E1ED-4DD0-99BE-1677A98695D6}.Release|Any CPU.ActiveCfg = Release|Any CPU
		{128F58C0-E1ED-4DD0-99BE-1677A98695D6}.Release|Any CPU.Build.0 = Release|Any CPU
		{16E48FCC-A600-445D-A5C2-7E67022CAE57}.Debug|Any CPU.ActiveCfg = Debug|Any CPU
		{16E48FCC-A600-445D-A5C2-7E67022CAE57}.Debug|Any CPU.Build.0 = Debug|Any CPU
		{16E48FCC-A600-445D-A5C2-7E67022CAE57}.Release|Any CPU.ActiveCfg = Release|Any CPU
		{16E48FCC-A600-445D-A5C2-7E67022CAE57}.Release|Any CPU.Build.0 = Release|Any CPU
	EndGlobalSection
	GlobalSection(SolutionProperties) = preSolution
		HideSolutionNode = FALSE
	EndGlobalSection
EndGlobal
