
Microsoft Visual Studio Solution File, Format Version 12.00
# Visual Studio 14
VisualStudioVersion = 14.0.25420.1
MinimumVisualStudioVersion = 10.0.40219.1
Project("{8BB2217D-0F2D-49D1-97BC-3654ED321F3B}") = "Intro", "Intro\Intro.xproj", "{42015615-9B2F-473F-AEBD-542827FC9A54}"
EndProject
Project("{8BB2217D-0F2D-49D1-97BC-3654ED321F3B}") = "Intro.Core", "Intro.Core\Intro.Core.xproj", "{2B79B1E6-C2E2-4379-B3BB-5DAF3D4B9D45}"
EndProject
Global
	GlobalSection(SolutionConfigurationPlatforms) = preSolution
		Debug|Any CPU = Debug|Any CPU
		Release|Any CPU = Release|Any CPU
	EndGlobalSection
	GlobalSection(ProjectConfigurationPlatforms) = postSolution
		{42015615-9B2F-473F-AEBD-542827FC9A54}.Debug|Any CPU.ActiveCfg = Debug|Any CPU
		{42015615-9B2F-473F-AEBD-542827FC9A54}.Debug|Any CPU.Build.0 = Debug|Any CPU
		{42015615-9B2F-473F-AEBD-542827FC9A54}.Release|Any CPU.ActiveCfg = Release|Any CPU
		{42015615-9B2F-473F-AEBD-542827FC9A54}.Release|Any CPU.Build.0 = Release|Any CPU
		{2B79B1E6-C2E2-4379-B3BB-5DAF3D4B9D45}.Debug|Any CPU.ActiveCfg = Debug|Any CPU
		{2B79B1E6-C2E2-4379-B3BB-5DAF3D4B9D45}.Debug|Any CPU.Build.0 = Debug|Any CPU
		{2B79B1E6-C2E2-4379-B3BB-5DAF3D4B9D45}.Release|Any CPU.ActiveCfg = Release|Any CPU
		{2B79B1E6-C2E2-4379-B3BB-5DAF3D4B9D45}.Release|Any CPU.Build.0 = Release|Any CPU
	EndGlobalSection
	GlobalSection(SolutionProperties) = preSolution
		HideSolutionNode = FALSE
	EndGlobalSection
EndGlobal
